
Microsoft Visual Studio Solution File, Format Version 12.00
# Visual Studio Version 17
VisualStudioVersion = 17.9.34622.214
MinimumVisualStudioVersion = 10.0.40219.1
Project("{FAE04EC0-301F-11D3-BF4B-00C04F79EFBC}") = "LINQ", "LINQ.csproj", "{E1145098-6D53-4E4B-91B0-93DB0B03D294}"
EndProject
Global
	GlobalSection(SolutionConfigurationPlatforms) = preSolution
		Debug|Any CPU = Debug|Any CPU
		Release|Any CPU = Release|Any CPU
	EndGlobalSection
	GlobalSection(ProjectConfigurationPlatforms) = postSolution
		{E1145098-6D53-4E4B-91B0-93DB0B03D294}.Debug|Any CPU.ActiveCfg = Debug|Any CPU
		{E1145098-6D53-4E4B-91B0-93DB0B03D294}.Debug|Any CPU.Build.0 = Debug|Any CPU
		{E1145098-6D53-4E4B-91B0-93DB0B03D294}.Release|Any CPU.ActiveCfg = Release|Any CPU
		{E1145098-6D53-4E4B-91B0-93DB0B03D294}.Release|Any CPU.Build.0 = Release|Any CPU
	EndGlobalSection
	GlobalSection(SolutionProperties) = preSolution
		HideSolutionNode = FALSE
	EndGlobalSection
	GlobalSection(ExtensibilityGlobals) = postSolution
		SolutionGuid = {3B4AAD08-1A8F-4C46-A4C7-D7990038D084}
	EndGlobalSection
EndGlobal
