
Microsoft Visual Studio Solution File, Format Version 12.00
# Visual Studio Version 17
VisualStudioVersion = 17.9.34622.214
MinimumVisualStudioVersion = 10.0.40219.1
Project("{FAE04EC0-301F-11D3-BF4B-00C04F79EFBC}") = "CRUDAPI", "CRUDAPI.csproj", "{9416D944-681C-4BF2-A1E9-03E77E267AFA}"
EndProject
Global
	GlobalSection(SolutionConfigurationPlatforms) = preSolution
		Debug|Any CPU = Debug|Any CPU
		Release|Any CPU = Release|Any CPU
	EndGlobalSection
	GlobalSection(ProjectConfigurationPlatforms) = postSolution
		{9416D944-681C-4BF2-A1E9-03E77E267AFA}.Debug|Any CPU.ActiveCfg = Debug|Any CPU
		{9416D944-681C-4BF2-A1E9-03E77E267AFA}.Debug|Any CPU.Build.0 = Debug|Any CPU
		{9416D944-681C-4BF2-A1E9-03E77E267AFA}.Release|Any CPU.ActiveCfg = Release|Any CPU
		{9416D944-681C-4BF2-A1E9-03E77E267AFA}.Release|Any CPU.Build.0 = Release|Any CPU
	EndGlobalSection
	GlobalSection(SolutionProperties) = preSolution
		HideSolutionNode = FALSE
	EndGlobalSection
	GlobalSection(ExtensibilityGlobals) = postSolution
		SolutionGuid = {7BACE2F4-9A15-4DFA-8EA6-07CBEF7A095E}
	EndGlobalSection
EndGlobal
