
Microsoft Visual Studio Solution File, Format Version 12.00
# Visual Studio Version 17
VisualStudioVersion = 17.5.33530.505
MinimumVisualStudioVersion = 10.0.40219.1
Project("{FAE04EC0-301F-11D3-BF4B-00C04F79EFBC}") = "Bruchrechner", "Bruchrechner\Bruchrechner.csproj", "{D773C5A3-5517-4430-9EFA-0F4BB9F95F08}"
EndProject
Global
	GlobalSection(SolutionConfigurationPlatforms) = preSolution
		Debug|Any CPU = Debug|Any CPU
		Release|Any CPU = Release|Any CPU
	EndGlobalSection
	GlobalSection(ProjectConfigurationPlatforms) = postSolution
		{D773C5A3-5517-4430-9EFA-0F4BB9F95F08}.Debug|Any CPU.ActiveCfg = Debug|Any CPU
		{D773C5A3-5517-4430-9EFA-0F4BB9F95F08}.Debug|Any CPU.Build.0 = Debug|Any CPU
		{D773C5A3-5517-4430-9EFA-0F4BB9F95F08}.Release|Any CPU.ActiveCfg = Release|Any CPU
		{D773C5A3-5517-4430-9EFA-0F4BB9F95F08}.Release|Any CPU.Build.0 = Release|Any CPU
	EndGlobalSection
	GlobalSection(SolutionProperties) = preSolution
		HideSolutionNode = FALSE
	EndGlobalSection
	GlobalSection(ExtensibilityGlobals) = postSolution
		SolutionGuid = {EEC2B815-6529-402B-889A-BE25EAA7E188}
	EndGlobalSection
EndGlobal
