
Microsoft Visual Studio Solution File, Format Version 12.00
# Visual Studio Version 17
VisualStudioVersion = 17.8.34330.188
MinimumVisualStudioVersion = 10.0.40219.1
Project("{9A19103F-16F7-4668-BE54-9A1E7A4F7556}") = "MvcMovie", "MvcMovie.csproj", "{A56F9203-5F73-4D38-B5E6-74CB32BD02A7}"
EndProject
Global
	GlobalSection(SolutionConfigurationPlatforms) = preSolution
		Debug|Any CPU = Debug|Any CPU
		Release|Any CPU = Release|Any CPU
	EndGlobalSection
	GlobalSection(ProjectConfigurationPlatforms) = postSolution
		{A56F9203-5F73-4D38-B5E6-74CB32BD02A7}.Debug|Any CPU.ActiveCfg = Debug|Any CPU
		{A56F9203-5F73-4D38-B5E6-74CB32BD02A7}.Debug|Any CPU.Build.0 = Debug|Any CPU
		{A56F9203-5F73-4D38-B5E6-74CB32BD02A7}.Release|Any CPU.ActiveCfg = Release|Any CPU
		{A56F9203-5F73-4D38-B5E6-74CB32BD02A7}.Release|Any CPU.Build.0 = Release|Any CPU
	EndGlobalSection
	GlobalSection(SolutionProperties) = preSolution
		HideSolutionNode = FALSE
	EndGlobalSection
	GlobalSection(ExtensibilityGlobals) = postSolution
		SolutionGuid = {21F4AD6D-BBF9-4DA6-A976-630ABFFEB4DB}
	EndGlobalSection
EndGlobal
