
Microsoft Visual Studio Solution File, Format Version 12.00
# Visual Studio Version 17
VisualStudioVersion = 17.8.34330.188
MinimumVisualStudioVersion = 10.0.40219.1
Project("{FAE04EC0-301F-11D3-BF4B-00C04F79EFBC}") = "BookStoreMVC", "BookStoreMVC.csproj", "{1FA9AE53-FC1F-4028-A4DE-63D835BF0529}"
EndProject
Global
	GlobalSection(SolutionConfigurationPlatforms) = preSolution
		Debug|Any CPU = Debug|Any CPU
		Release|Any CPU = Release|Any CPU
	EndGlobalSection
	GlobalSection(ProjectConfigurationPlatforms) = postSolution
		{1FA9AE53-FC1F-4028-A4DE-63D835BF0529}.Debug|Any CPU.ActiveCfg = Debug|Any CPU
		{1FA9AE53-FC1F-4028-A4DE-63D835BF0529}.Debug|Any CPU.Build.0 = Debug|Any CPU
		{1FA9AE53-FC1F-4028-A4DE-63D835BF0529}.Release|Any CPU.ActiveCfg = Release|Any CPU
		{1FA9AE53-FC1F-4028-A4DE-63D835BF0529}.Release|Any CPU.Build.0 = Release|Any CPU
	EndGlobalSection
	GlobalSection(SolutionProperties) = preSolution
		HideSolutionNode = FALSE
	EndGlobalSection
	GlobalSection(ExtensibilityGlobals) = postSolution
		SolutionGuid = {540E18C9-0146-4A0C-8C4B-767266BBBD17}
	EndGlobalSection
EndGlobal
