
Microsoft Visual Studio Solution File, Format Version 12.00
# Visual Studio Version 17
VisualStudioVersion = 17.8.34330.188
MinimumVisualStudioVersion = 10.0.40219.1
Project("{FAE04EC0-301F-11D3-BF4B-00C04F79EFBC}") = "MvcMovie", "MvcMovie.csproj", "{15088EB1-AA55-417B-B9D8-BC6C62F75E3A}"
EndProject
Global
	GlobalSection(SolutionConfigurationPlatforms) = preSolution
		Debug|Any CPU = Debug|Any CPU
		Release|Any CPU = Release|Any CPU
	EndGlobalSection
	GlobalSection(ProjectConfigurationPlatforms) = postSolution
		{15088EB1-AA55-417B-B9D8-BC6C62F75E3A}.Debug|Any CPU.ActiveCfg = Debug|Any CPU
		{15088EB1-AA55-417B-B9D8-BC6C62F75E3A}.Debug|Any CPU.Build.0 = Debug|Any CPU
		{15088EB1-AA55-417B-B9D8-BC6C62F75E3A}.Release|Any CPU.ActiveCfg = Release|Any CPU
		{15088EB1-AA55-417B-B9D8-BC6C62F75E3A}.Release|Any CPU.Build.0 = Release|Any CPU
	EndGlobalSection
	GlobalSection(SolutionProperties) = preSolution
		HideSolutionNode = FALSE
	EndGlobalSection
	GlobalSection(ExtensibilityGlobals) = postSolution
		SolutionGuid = {6F891443-07C0-42E2-9072-155D45678409}
	EndGlobalSection
EndGlobal
