
Microsoft Visual Studio Solution File, Format Version 12.00
# Visual Studio Version 17
VisualStudioVersion = 17.5.33516.290
MinimumVisualStudioVersion = 10.0.40219.1
Project("{FAE04EC0-301F-11D3-BF4B-00C04F79EFBC}") = "Taschenrechner", "Taschenrechner.csproj", "{2CBE97A7-C2F4-458F-A39F-1C683FF07D53}"
EndProject
Global
	GlobalSection(SolutionConfigurationPlatforms) = preSolution
		Debug|Any CPU = Debug|Any CPU
		Release|Any CPU = Release|Any CPU
	EndGlobalSection
	GlobalSection(ProjectConfigurationPlatforms) = postSolution
		{2CBE97A7-C2F4-458F-A39F-1C683FF07D53}.Debug|Any CPU.ActiveCfg = Debug|Any CPU
		{2CBE97A7-C2F4-458F-A39F-1C683FF07D53}.Debug|Any CPU.Build.0 = Debug|Any CPU
		{2CBE97A7-C2F4-458F-A39F-1C683FF07D53}.Release|Any CPU.ActiveCfg = Release|Any CPU
		{2CBE97A7-C2F4-458F-A39F-1C683FF07D53}.Release|Any CPU.Build.0 = Release|Any CPU
	EndGlobalSection
	GlobalSection(SolutionProperties) = preSolution
		HideSolutionNode = FALSE
	EndGlobalSection
	GlobalSection(ExtensibilityGlobals) = postSolution
		SolutionGuid = {A0AB98C2-E51D-473F-9F10-527669633C0B}
	EndGlobalSection
EndGlobal
