
Microsoft Visual Studio Solution File, Format Version 12.00
# Visual Studio Version 17
VisualStudioVersion = 17.8.34330.188
MinimumVisualStudioVersion = 10.0.40219.1
Project("{FAE04EC0-301F-11D3-BF4B-00C04F79EFBC}") = "BlockSeite", "BlockSeite.csproj", "{5DE733C9-146A-4526-AA91-0C3C3C50D243}"
EndProject
Global
	GlobalSection(SolutionConfigurationPlatforms) = preSolution
		Debug|Any CPU = Debug|Any CPU
		Release|Any CPU = Release|Any CPU
	EndGlobalSection
	GlobalSection(ProjectConfigurationPlatforms) = postSolution
		{5DE733C9-146A-4526-AA91-0C3C3C50D243}.Debug|Any CPU.ActiveCfg = Debug|Any CPU
		{5DE733C9-146A-4526-AA91-0C3C3C50D243}.Debug|Any CPU.Build.0 = Debug|Any CPU
		{5DE733C9-146A-4526-AA91-0C3C3C50D243}.Release|Any CPU.ActiveCfg = Release|Any CPU
		{5DE733C9-146A-4526-AA91-0C3C3C50D243}.Release|Any CPU.Build.0 = Release|Any CPU
	EndGlobalSection
	GlobalSection(SolutionProperties) = preSolution
		HideSolutionNode = FALSE
	EndGlobalSection
	GlobalSection(ExtensibilityGlobals) = postSolution
		SolutionGuid = {CC08E98F-2479-40A3-9060-F23069B9E58E}
	EndGlobalSection
EndGlobal
