
Microsoft Visual Studio Solution File, Format Version 12.00
# Visual Studio Version 17
VisualStudioVersion = 17.5.33530.505
MinimumVisualStudioVersion = 10.0.40219.1
Project("{FAE04EC0-301F-11D3-BF4B-00C04F79EFBC}") = "Zahlensytemumrechner", "Zahlensytemumrechner\Zahlensytemumrechner.csproj", "{5F3ED6DC-CC0B-410F-AB20-8EBCFEE76289}"
EndProject
Global
	GlobalSection(SolutionConfigurationPlatforms) = preSolution
		Debug|Any CPU = Debug|Any CPU
		Release|Any CPU = Release|Any CPU
	EndGlobalSection
	GlobalSection(ProjectConfigurationPlatforms) = postSolution
		{5F3ED6DC-CC0B-410F-AB20-8EBCFEE76289}.Debug|Any CPU.ActiveCfg = Debug|Any CPU
		{5F3ED6DC-CC0B-410F-AB20-8EBCFEE76289}.Debug|Any CPU.Build.0 = Debug|Any CPU
		{5F3ED6DC-CC0B-410F-AB20-8EBCFEE76289}.Release|Any CPU.ActiveCfg = Release|Any CPU
		{5F3ED6DC-CC0B-410F-AB20-8EBCFEE76289}.Release|Any CPU.Build.0 = Release|Any CPU
	EndGlobalSection
	GlobalSection(SolutionProperties) = preSolution
		HideSolutionNode = FALSE
	EndGlobalSection
	GlobalSection(ExtensibilityGlobals) = postSolution
		SolutionGuid = {3C02A808-8BF3-4C60-ABEE-C334E2102EDC}
	EndGlobalSection
EndGlobal
