
Microsoft Visual Studio Solution File, Format Version 12.00
# Visual Studio Version 17
VisualStudioVersion = 17.8.34330.188
MinimumVisualStudioVersion = 10.0.40219.1
Project("{9A19103F-16F7-4668-BE54-9A1E7A4F7556}") = "BookStoreAPI", "BookStoreAPI.csproj", "{6777D717-740B-4F46-A59F-174B593F835B}"
EndProject
Project("{FAE04EC0-301F-11D3-BF4B-00C04F79EFBC}") = "BookStore.Data", "..\BookStore.Data\BookStore.Data.csproj", "{CADD123D-2C1E-4171-82B4-D6AD5DBCB5FB}"
EndProject
Global
	GlobalSection(SolutionConfigurationPlatforms) = preSolution
		Debug|Any CPU = Debug|Any CPU
		Release|Any CPU = Release|Any CPU
	EndGlobalSection
	GlobalSection(ProjectConfigurationPlatforms) = postSolution
		{6777D717-740B-4F46-A59F-174B593F835B}.Debug|Any CPU.ActiveCfg = Debug|Any CPU
		{6777D717-740B-4F46-A59F-174B593F835B}.Debug|Any CPU.Build.0 = Debug|Any CPU
		{6777D717-740B-4F46-A59F-174B593F835B}.Release|Any CPU.ActiveCfg = Release|Any CPU
		{6777D717-740B-4F46-A59F-174B593F835B}.Release|Any CPU.Build.0 = Release|Any CPU
		{CADD123D-2C1E-4171-82B4-D6AD5DBCB5FB}.Debug|Any CPU.ActiveCfg = Debug|Any CPU
		{CADD123D-2C1E-4171-82B4-D6AD5DBCB5FB}.Debug|Any CPU.Build.0 = Debug|Any CPU
		{CADD123D-2C1E-4171-82B4-D6AD5DBCB5FB}.Release|Any CPU.ActiveCfg = Release|Any CPU
		{CADD123D-2C1E-4171-82B4-D6AD5DBCB5FB}.Release|Any CPU.Build.0 = Release|Any CPU
	EndGlobalSection
	GlobalSection(SolutionProperties) = preSolution
		HideSolutionNode = FALSE
	EndGlobalSection
	GlobalSection(ExtensibilityGlobals) = postSolution
		SolutionGuid = {647634D3-FC43-410F-903B-01939E0DC1A4}
	EndGlobalSection
EndGlobal
