
Microsoft Visual Studio Solution File, Format Version 12.00
Project("{FAE04EC0-301F-11D3-BF4B-00C04F79EFBC}") = "Alex_Calculator", "Alex_Calculator.csproj", "{863D3514-6EAB-4F46-93F1-FD6E8ED9A068}"
EndProject
Global
	GlobalSection(SolutionConfigurationPlatforms) = preSolution
		Debug|Any CPU = Debug|Any CPU
		Release|Any CPU = Release|Any CPU
	EndGlobalSection
	GlobalSection(ProjectConfigurationPlatforms) = postSolution
		{863D3514-6EAB-4F46-93F1-FD6E8ED9A068}.Debug|Any CPU.ActiveCfg = Debug|Any CPU
		{863D3514-6EAB-4F46-93F1-FD6E8ED9A068}.Debug|Any CPU.Build.0 = Debug|Any CPU
		{863D3514-6EAB-4F46-93F1-FD6E8ED9A068}.Release|Any CPU.ActiveCfg = Release|Any CPU
		{863D3514-6EAB-4F46-93F1-FD6E8ED9A068}.Release|Any CPU.Build.0 = Release|Any CPU
	EndGlobalSection
EndGlobal
